
Microsoft Visual Studio Solution File, Format Version 12.00
# Visual Studio Version 17
VisualStudioVersion = 17.8.34525.116
MinimumVisualStudioVersion = 10.0.40219.1
Project("{FAE04EC0-301F-11D3-BF4B-00C04F79EFBC}") = "TaskFormApp", "TaskFormApp\TaskFormApp.csproj", "{3886B7FC-DF28-44DA-A25C-B5FACFEFF3DF}"
EndProject
Project("{9A19103F-16F7-4668-BE54-9A1E7A4F7556}") = "TaskWebApp.API", "TaskWebApp.API\TaskWebApp.API.csproj", "{FE1F4A63-E658-47D8-A78E-8C73D909F71C}"
EndProject
Project("{FAE04EC0-301F-11D3-BF4B-00C04F79EFBC}") = "TaskConsoleApp", "TaskConsoleApp\TaskConsoleApp.csproj", "{A7DF5E20-415B-4A2F-B8E7-FCF938174289}"
EndProject
Project("{FAE04EC0-301F-11D3-BF4B-00C04F79EFBC}") = "TaskThreadApp", "TaskThreadApp\TaskThreadApp.csproj", "{05FECAAC-BDBB-4610-AFAC-4CA4EE65F39D}"
EndProject
Project("{9A19103F-16F7-4668-BE54-9A1E7A4F7556}") = "TaskFromResultMethod", "TaskFromResultMethod\TaskFromResultMethod.csproj", "{AAB8CDA3-8C81-41FB-A9BA-67D25D848007}"
EndProject
Project("{FAE04EC0-301F-11D3-BF4B-00C04F79EFBC}") = "TaskMethodsApp", "TaskMethodsApp\TaskMethodsApp.csproj", "{669E6EDB-00E0-4E74-A3B5-2E9E24A59F5F}"
EndProject
Project("{FAE04EC0-301F-11D3-BF4B-00C04F79EFBC}") = "TaskCancellationFormApp", "TaskCancellationFromApp\TaskCancellationFormApp.csproj", "{919AEBD4-CF5C-4878-9CEF-3CC6C9C98E81}"
EndProject
Project("{9A19103F-16F7-4668-BE54-9A1E7A4F7556}") = "ForEachParallelApp", "ForEachParallel\ForEachParallelApp.csproj", "{19997093-98ED-42CD-96C4-E35332F8AF5A}"
EndProject
Project("{FAE04EC0-301F-11D3-BF4B-00C04F79EFBC}") = "RaceConditionApp", "RaceConditionApp\RaceConditionApp.csproj", "{D6BDEC75-C3B1-4C9E-A58F-0682C2D74AA6}"
EndProject
Global
	GlobalSection(SolutionConfigurationPlatforms) = preSolution
		Debug|Any CPU = Debug|Any CPU
		Release|Any CPU = Release|Any CPU
	EndGlobalSection
	GlobalSection(ProjectConfigurationPlatforms) = postSolution
		{3886B7FC-DF28-44DA-A25C-B5FACFEFF3DF}.Debug|Any CPU.ActiveCfg = Debug|Any CPU
		{3886B7FC-DF28-44DA-A25C-B5FACFEFF3DF}.Debug|Any CPU.Build.0 = Debug|Any CPU
		{3886B7FC-DF28-44DA-A25C-B5FACFEFF3DF}.Release|Any CPU.ActiveCfg = Release|Any CPU
		{3886B7FC-DF28-44DA-A25C-B5FACFEFF3DF}.Release|Any CPU.Build.0 = Release|Any CPU
		{FE1F4A63-E658-47D8-A78E-8C73D909F71C}.Debug|Any CPU.ActiveCfg = Debug|Any CPU
		{FE1F4A63-E658-47D8-A78E-8C73D909F71C}.Debug|Any CPU.Build.0 = Debug|Any CPU
		{FE1F4A63-E658-47D8-A78E-8C73D909F71C}.Release|Any CPU.ActiveCfg = Release|Any CPU
		{FE1F4A63-E658-47D8-A78E-8C73D909F71C}.Release|Any CPU.Build.0 = Release|Any CPU
		{A7DF5E20-415B-4A2F-B8E7-FCF938174289}.Debug|Any CPU.ActiveCfg = Debug|Any CPU
		{A7DF5E20-415B-4A2F-B8E7-FCF938174289}.Debug|Any CPU.Build.0 = Debug|Any CPU
		{A7DF5E20-415B-4A2F-B8E7-FCF938174289}.Release|Any CPU.ActiveCfg = Release|Any CPU
		{A7DF5E20-415B-4A2F-B8E7-FCF938174289}.Release|Any CPU.Build.0 = Release|Any CPU
		{05FECAAC-BDBB-4610-AFAC-4CA4EE65F39D}.Debug|Any CPU.ActiveCfg = Debug|Any CPU
		{05FECAAC-BDBB-4610-AFAC-4CA4EE65F39D}.Debug|Any CPU.Build.0 = Debug|Any CPU
		{05FECAAC-BDBB-4610-AFAC-4CA4EE65F39D}.Release|Any CPU.ActiveCfg = Release|Any CPU
		{05FECAAC-BDBB-4610-AFAC-4CA4EE65F39D}.Release|Any CPU.Build.0 = Release|Any CPU
		{AAB8CDA3-8C81-41FB-A9BA-67D25D848007}.Debug|Any CPU.ActiveCfg = Debug|Any CPU
		{AAB8CDA3-8C81-41FB-A9BA-67D25D848007}.Debug|Any CPU.Build.0 = Debug|Any CPU
		{AAB8CDA3-8C81-41FB-A9BA-67D25D848007}.Release|Any CPU.ActiveCfg = Release|Any CPU
		{AAB8CDA3-8C81-41FB-A9BA-67D25D848007}.Release|Any CPU.Build.0 = Release|Any CPU
		{669E6EDB-00E0-4E74-A3B5-2E9E24A59F5F}.Debug|Any CPU.ActiveCfg = Debug|Any CPU
		{669E6EDB-00E0-4E74-A3B5-2E9E24A59F5F}.Debug|Any CPU.Build.0 = Debug|Any CPU
		{669E6EDB-00E0-4E74-A3B5-2E9E24A59F5F}.Release|Any CPU.ActiveCfg = Release|Any CPU
		{669E6EDB-00E0-4E74-A3B5-2E9E24A59F5F}.Release|Any CPU.Build.0 = Release|Any CPU
		{919AEBD4-CF5C-4878-9CEF-3CC6C9C98E81}.Debug|Any CPU.ActiveCfg = Debug|Any CPU
		{919AEBD4-CF5C-4878-9CEF-3CC6C9C98E81}.Debug|Any CPU.Build.0 = Debug|Any CPU
		{919AEBD4-CF5C-4878-9CEF-3CC6C9C98E81}.Release|Any CPU.ActiveCfg = Release|Any CPU
		{919AEBD4-CF5C-4878-9CEF-3CC6C9C98E81}.Release|Any CPU.Build.0 = Release|Any CPU
		{19997093-98ED-42CD-96C4-E35332F8AF5A}.Debug|Any CPU.ActiveCfg = Debug|Any CPU
		{19997093-98ED-42CD-96C4-E35332F8AF5A}.Debug|Any CPU.Build.0 = Debug|Any CPU
		{19997093-98ED-42CD-96C4-E35332F8AF5A}.Release|Any CPU.ActiveCfg = Release|Any CPU
		{19997093-98ED-42CD-96C4-E35332F8AF5A}.Release|Any CPU.Build.0 = Release|Any CPU
		{D6BDEC75-C3B1-4C9E-A58F-0682C2D74AA6}.Debug|Any CPU.ActiveCfg = Debug|Any CPU
		{D6BDEC75-C3B1-4C9E-A58F-0682C2D74AA6}.Debug|Any CPU.Build.0 = Debug|Any CPU
		{D6BDEC75-C3B1-4C9E-A58F-0682C2D74AA6}.Release|Any CPU.ActiveCfg = Release|Any CPU
		{D6BDEC75-C3B1-4C9E-A58F-0682C2D74AA6}.Release|Any CPU.Build.0 = Release|Any CPU
	EndGlobalSection
	GlobalSection(SolutionProperties) = preSolution
		HideSolutionNode = FALSE
	EndGlobalSection
	GlobalSection(ExtensibilityGlobals) = postSolution
		SolutionGuid = {C7BAC712-7D2F-4CFC-80C8-4C5C04E85B61}
	EndGlobalSection
EndGlobal
