
Microsoft Visual Studio Solution File, Format Version 12.00
# Visual Studio Version 17
VisualStudioVersion = 17.8.34525.116
MinimumVisualStudioVersion = 10.0.40219.1
Project("{FAE04EC0-301F-11D3-BF4B-00C04F79EFBC}") = "Demo", "Demo\Demo.csproj", "{EB172DDF-D12E-4CE0-B15D-A549A84A04CB}"
EndProject
Global
	GlobalSection(SolutionConfigurationPlatforms) = preSolution
		Debug|Any CPU = Debug|Any CPU
		Release|Any CPU = Release|Any CPU
	EndGlobalSection
	GlobalSection(ProjectConfigurationPlatforms) = postSolution
		{EB172DDF-D12E-4CE0-B15D-A549A84A04CB}.Debug|Any CPU.ActiveCfg = Debug|Any CPU
		{EB172DDF-D12E-4CE0-B15D-A549A84A04CB}.Debug|Any CPU.Build.0 = Debug|Any CPU
		{EB172DDF-D12E-4CE0-B15D-A549A84A04CB}.Release|Any CPU.ActiveCfg = Release|Any CPU
		{EB172DDF-D12E-4CE0-B15D-A549A84A04CB}.Release|Any CPU.Build.0 = Release|Any CPU
	EndGlobalSection
	GlobalSection(SolutionProperties) = preSolution
		HideSolutionNode = FALSE
	EndGlobalSection
	GlobalSection(ExtensibilityGlobals) = postSolution
		SolutionGuid = {AC51BFB2-FB05-4DCE-9C8A-C4AB17A9F230}
	EndGlobalSection
EndGlobal
