
Microsoft Visual Studio Solution File, Format Version 12.00
# Visual Studio Version 17
VisualStudioVersion = 17.8.34525.116
MinimumVisualStudioVersion = 10.0.40219.1
Project("{FAE04EC0-301F-11D3-BF4B-00C04F79EFBC}") = "TypesAnsVariables", "TypesAnsVariables\TypesAnsVariables.csproj", "{64C42D29-CB3C-48FA-B34B-D187F310880D}"
EndProject
Project("{FAE04EC0-301F-11D3-BF4B-00C04F79EFBC}") = "Conditionals", "Conditionals\Conditionals.csproj", "{80193266-8D46-44F3-A23A-E982D920854A}"
EndProject
Project("{FAE04EC0-301F-11D3-BF4B-00C04F79EFBC}") = "Methods", "Methods\Methods.csproj", "{6D01520A-7287-48F1-AC94-01DE13D4D76E}"
EndProject
Project("{FAE04EC0-301F-11D3-BF4B-00C04F79EFBC}") = "Arrays", "Arrays\Arrays.csproj", "{935867B1-9029-494C-8DD0-1A84724C188C}"
EndProject
Project("{FAE04EC0-301F-11D3-BF4B-00C04F79EFBC}") = "Loops", "Loops\Loops.csproj", "{C5C20CCE-A0DF-4A27-964F-B5B301FDCD15}"
EndProject
Project("{FAE04EC0-301F-11D3-BF4B-00C04F79EFBC}") = "Classes", "Classes\Classes.csproj", "{AA9B72C3-7EAA-4D28-9F5B-F90C70535895}"
EndProject
Project("{FAE04EC0-301F-11D3-BF4B-00C04F79EFBC}") = "RecapDemo", "RecapDemo\RecapDemo.csproj", "{5B0BA87B-2E5B-4A61-9E39-2764C1E6D141}"
EndProject
Project("{FAE04EC0-301F-11D3-BF4B-00C04F79EFBC}") = "Interfaces", "Interfaces\Interfaces.csproj", "{AC1CDE74-CD28-40F2-B1D4-8023556D2AC5}"
EndProject
Project("{FAE04EC0-301F-11D3-BF4B-00C04F79EFBC}") = "InterfacesDemo", "InterfacesDemo\InterfacesDemo.csproj", "{6B6166A5-2750-4DE1-BEA7-C07E771B7FA0}"
EndProject
Project("{FAE04EC0-301F-11D3-BF4B-00C04F79EFBC}") = "Inheritance", "Inheritance\Inheritance.csproj", "{357324CD-47F8-447D-BA97-15E3133EC8A9}"
EndProject
Project("{FAE04EC0-301F-11D3-BF4B-00C04F79EFBC}") = "ReferenceTypes", "ReferenceTypes\ReferenceTypes.csproj", "{48DB865C-8C16-4BEE-88DF-F06B26B31345}"
EndProject
Project("{FAE04EC0-301F-11D3-BF4B-00C04F79EFBC}") = "Constructors", "Constructors\Constructors.csproj", "{27D4D3FA-DF24-440B-838F-B1A0A0F241F7}"
EndProject
Global
	GlobalSection(SolutionConfigurationPlatforms) = preSolution
		Debug|Any CPU = Debug|Any CPU
		Release|Any CPU = Release|Any CPU
	EndGlobalSection
	GlobalSection(ProjectConfigurationPlatforms) = postSolution
		{64C42D29-CB3C-48FA-B34B-D187F310880D}.Debug|Any CPU.ActiveCfg = Debug|Any CPU
		{64C42D29-CB3C-48FA-B34B-D187F310880D}.Debug|Any CPU.Build.0 = Debug|Any CPU
		{64C42D29-CB3C-48FA-B34B-D187F310880D}.Release|Any CPU.ActiveCfg = Release|Any CPU
		{64C42D29-CB3C-48FA-B34B-D187F310880D}.Release|Any CPU.Build.0 = Release|Any CPU
		{80193266-8D46-44F3-A23A-E982D920854A}.Debug|Any CPU.ActiveCfg = Debug|Any CPU
		{80193266-8D46-44F3-A23A-E982D920854A}.Debug|Any CPU.Build.0 = Debug|Any CPU
		{80193266-8D46-44F3-A23A-E982D920854A}.Release|Any CPU.ActiveCfg = Release|Any CPU
		{80193266-8D46-44F3-A23A-E982D920854A}.Release|Any CPU.Build.0 = Release|Any CPU
		{6D01520A-7287-48F1-AC94-01DE13D4D76E}.Debug|Any CPU.ActiveCfg = Debug|Any CPU
		{6D01520A-7287-48F1-AC94-01DE13D4D76E}.Debug|Any CPU.Build.0 = Debug|Any CPU
		{6D01520A-7287-48F1-AC94-01DE13D4D76E}.Release|Any CPU.ActiveCfg = Release|Any CPU
		{6D01520A-7287-48F1-AC94-01DE13D4D76E}.Release|Any CPU.Build.0 = Release|Any CPU
		{935867B1-9029-494C-8DD0-1A84724C188C}.Debug|Any CPU.ActiveCfg = Debug|Any CPU
		{935867B1-9029-494C-8DD0-1A84724C188C}.Debug|Any CPU.Build.0 = Debug|Any CPU
		{935867B1-9029-494C-8DD0-1A84724C188C}.Release|Any CPU.ActiveCfg = Release|Any CPU
		{935867B1-9029-494C-8DD0-1A84724C188C}.Release|Any CPU.Build.0 = Release|Any CPU
		{C5C20CCE-A0DF-4A27-964F-B5B301FDCD15}.Debug|Any CPU.ActiveCfg = Debug|Any CPU
		{C5C20CCE-A0DF-4A27-964F-B5B301FDCD15}.Debug|Any CPU.Build.0 = Debug|Any CPU
		{C5C20CCE-A0DF-4A27-964F-B5B301FDCD15}.Release|Any CPU.ActiveCfg = Release|Any CPU
		{C5C20CCE-A0DF-4A27-964F-B5B301FDCD15}.Release|Any CPU.Build.0 = Release|Any CPU
		{AA9B72C3-7EAA-4D28-9F5B-F90C70535895}.Debug|Any CPU.ActiveCfg = Debug|Any CPU
		{AA9B72C3-7EAA-4D28-9F5B-F90C70535895}.Debug|Any CPU.Build.0 = Debug|Any CPU
		{AA9B72C3-7EAA-4D28-9F5B-F90C70535895}.Release|Any CPU.ActiveCfg = Release|Any CPU
		{AA9B72C3-7EAA-4D28-9F5B-F90C70535895}.Release|Any CPU.Build.0 = Release|Any CPU
		{5B0BA87B-2E5B-4A61-9E39-2764C1E6D141}.Debug|Any CPU.ActiveCfg = Debug|Any CPU
		{5B0BA87B-2E5B-4A61-9E39-2764C1E6D141}.Debug|Any CPU.Build.0 = Debug|Any CPU
		{5B0BA87B-2E5B-4A61-9E39-2764C1E6D141}.Release|Any CPU.ActiveCfg = Release|Any CPU
		{5B0BA87B-2E5B-4A61-9E39-2764C1E6D141}.Release|Any CPU.Build.0 = Release|Any CPU
		{AC1CDE74-CD28-40F2-B1D4-8023556D2AC5}.Debug|Any CPU.ActiveCfg = Debug|Any CPU
		{AC1CDE74-CD28-40F2-B1D4-8023556D2AC5}.Debug|Any CPU.Build.0 = Debug|Any CPU
		{AC1CDE74-CD28-40F2-B1D4-8023556D2AC5}.Release|Any CPU.ActiveCfg = Release|Any CPU
		{AC1CDE74-CD28-40F2-B1D4-8023556D2AC5}.Release|Any CPU.Build.0 = Release|Any CPU
		{6B6166A5-2750-4DE1-BEA7-C07E771B7FA0}.Debug|Any CPU.ActiveCfg = Debug|Any CPU
		{6B6166A5-2750-4DE1-BEA7-C07E771B7FA0}.Debug|Any CPU.Build.0 = Debug|Any CPU
		{6B6166A5-2750-4DE1-BEA7-C07E771B7FA0}.Release|Any CPU.ActiveCfg = Release|Any CPU
		{6B6166A5-2750-4DE1-BEA7-C07E771B7FA0}.Release|Any CPU.Build.0 = Release|Any CPU
		{357324CD-47F8-447D-BA97-15E3133EC8A9}.Debug|Any CPU.ActiveCfg = Debug|Any CPU
		{357324CD-47F8-447D-BA97-15E3133EC8A9}.Debug|Any CPU.Build.0 = Debug|Any CPU
		{357324CD-47F8-447D-BA97-15E3133EC8A9}.Release|Any CPU.ActiveCfg = Release|Any CPU
		{357324CD-47F8-447D-BA97-15E3133EC8A9}.Release|Any CPU.Build.0 = Release|Any CPU
		{48DB865C-8C16-4BEE-88DF-F06B26B31345}.Debug|Any CPU.ActiveCfg = Debug|Any CPU
		{48DB865C-8C16-4BEE-88DF-F06B26B31345}.Debug|Any CPU.Build.0 = Debug|Any CPU
		{48DB865C-8C16-4BEE-88DF-F06B26B31345}.Release|Any CPU.ActiveCfg = Release|Any CPU
		{48DB865C-8C16-4BEE-88DF-F06B26B31345}.Release|Any CPU.Build.0 = Release|Any CPU
		{27D4D3FA-DF24-440B-838F-B1A0A0F241F7}.Debug|Any CPU.ActiveCfg = Debug|Any CPU
		{27D4D3FA-DF24-440B-838F-B1A0A0F241F7}.Debug|Any CPU.Build.0 = Debug|Any CPU
		{27D4D3FA-DF24-440B-838F-B1A0A0F241F7}.Release|Any CPU.ActiveCfg = Release|Any CPU
		{27D4D3FA-DF24-440B-838F-B1A0A0F241F7}.Release|Any CPU.Build.0 = Release|Any CPU
	EndGlobalSection
	GlobalSection(SolutionProperties) = preSolution
		HideSolutionNode = FALSE
	EndGlobalSection
	GlobalSection(ExtensibilityGlobals) = postSolution
		SolutionGuid = {27B1F55E-FBA4-48B4-82F6-D8F70A9FAAAE}
	EndGlobalSection
EndGlobal
